
Microsoft Visual Studio Solution File, Format Version 12.00
# Visual Studio Version 16
VisualStudioVersion = 16.0.29519.87
MinimumVisualStudioVersion = 10.0.40219.1
Project("{9A19103F-16F7-4668-BE54-9A1E7A4F7556}") = "mzaki.sample", "mzaki.sample\mzaki.sample.csproj", "{AAD1DF42-FFDF-4D92-B848-19A92CDFCA8F}"
EndProject
Project("{FAE04EC0-301F-11D3-BF4B-00C04F79EFBC}") = "PermutatiomAndCombination", "PermutatiomAndCombination\PermutatiomAndCombination.csproj", "{31591481-5594-4110-9ED7-694A982A0A59}"
EndProject
Global
	GlobalSection(SolutionConfigurationPlatforms) = preSolution
		Debug|Any CPU = Debug|Any CPU
		Release|Any CPU = Release|Any CPU
	EndGlobalSection
	GlobalSection(ProjectConfigurationPlatforms) = postSolution
		{AAD1DF42-FFDF-4D92-B848-19A92CDFCA8F}.Debug|Any CPU.ActiveCfg = Debug|Any CPU
		{AAD1DF42-FFDF-4D92-B848-19A92CDFCA8F}.Debug|Any CPU.Build.0 = Debug|Any CPU
		{AAD1DF42-FFDF-4D92-B848-19A92CDFCA8F}.Release|Any CPU.ActiveCfg = Release|Any CPU
		{AAD1DF42-FFDF-4D92-B848-19A92CDFCA8F}.Release|Any CPU.Build.0 = Release|Any CPU
		{31591481-5594-4110-9ED7-694A982A0A59}.Debug|Any CPU.ActiveCfg = Debug|Any CPU
		{31591481-5594-4110-9ED7-694A982A0A59}.Debug|Any CPU.Build.0 = Debug|Any CPU
		{31591481-5594-4110-9ED7-694A982A0A59}.Release|Any CPU.ActiveCfg = Release|Any CPU
		{31591481-5594-4110-9ED7-694A982A0A59}.Release|Any CPU.Build.0 = Release|Any CPU
	EndGlobalSection
	GlobalSection(SolutionProperties) = preSolution
		HideSolutionNode = FALSE
	EndGlobalSection
	GlobalSection(ExtensibilityGlobals) = postSolution
		SolutionGuid = {BC72B00E-C80A-486A-833B-8C55F5C16A2D}
	EndGlobalSection
EndGlobal
